// !$*UTF8*$!
{
	archiveVersion = 1;
	classes = {
	};
	objectVersion = 50;
	objects = {

/* Begin PBXBuildFile section */
		59BF946D2654E0D2009DE3A8 /* AppDelegate.m in Sources */ = {isa = PBXBuildFile; fileRef = 59BF946C2654E0D2009DE3A8 /* AppDelegate.m */; };
		59BF94702654E0D2009DE3A8 /* SceneDelegate.m in Sources */ = {isa = PBXBuildFile; fileRef = 59BF946F2654E0D2009DE3A8 /* SceneDelegate.m */; };
		59BF94732654E0D2009DE3A8 /* ViewController.m in Sources */ = {isa = PBXBuildFile; fileRef = 59BF94722654E0D2009DE3A8 /* ViewController.m */; };
		59BF94762654E0D2009DE3A8 /* Main.storyboard in Resources */ = {isa = PBXBuildFile; fileRef = 59BF94742654E0D2009DE3A8 /* Main.storyboard */; };
		59BF94782654E0D5009DE3A8 /* Assets.xcassets in Resources */ = {isa = PBXBuildFile; fileRef = 59BF94772654E0D5009DE3A8 /* Assets.xcassets */; };
		59BF947B2654E0D5009DE3A8 /* LaunchScreen.storyboard in Resources */ = {isa = PBXBuildFile; fileRef = 59BF94792654E0D5009DE3A8 /* LaunchScreen.storyboard */; };
		59BF947E2654E0D5009DE3A8 /* main.m in Sources */ = {isa = PBXBuildFile; fileRef = 59BF947D2654E0D5009DE3A8 /* main.m */; };
		59BF94882654E0D6009DE3A8 /* demoTests.m in Sources */ = {isa = PBXBuildFile; fileRef = 59BF94872654E0D6009DE3A8 /* demoTests.m */; };
		59BF94932654E0D6009DE3A8 /* demoUITests.m in Sources */ = {isa = PBXBuildFile; fileRef = 59BF94922654E0D6009DE3A8 /* demoUITests.m */; };
/* End PBXBuildFile section */

/* Begin PBXContainerItemProxy section */
		59BF94842654E0D5009DE3A8 /* PBXContainerItemProxy */ = {
			isa = PBXContainerItemProxy;
			containerPortal = 59BF94602654E0D2009DE3A8 /* Project object */;
			proxyType = 1;
			remoteGlobalIDString = 59BF94672654E0D2009DE3A8;
			remoteInfo = demo;
		};
		59BF948F2654E0D6009DE3A8 /* PBXContainerItemProxy */ = {
			isa = PBXContainerItemProxy;
			containerPortal = 59BF94602654E0D2009DE3A8 /* Project object */;
			proxyType = 1;
			remoteGlobalIDString = 59BF94672654E0D2009DE3A8;
			remoteInfo = demo;
		};
/* End PBXContainerItemProxy section */

/* Begin PBXFileReference section */
		59BF94682654E0D2009DE3A8 /* demo.app */ = {isa = PBXFileReference; explicitFileType = wrapper.application; includeInIndex = 0; path = demo.app; sourceTree = BUILT_PRODUCTS_DIR; };
		59BF946B2654E0D2009DE3A8 /* AppDelegate.h */ = {isa = PBXFileReference; lastKnownFileType = sourcecode.c.h; path = AppDelegate.h; sourceTree = "<group>"; };
		59BF946C2654E0D2009DE3A8 /* AppDelegate.m */ = {isa = PBXFileReference; lastKnownFileType = sourcecode.c.objc; path = AppDelegate.m; sourceTree = "<group>"; };
		59BF946E2654E0D2009DE3A8 /* SceneDelegate.h */ = {isa = PBXFileReference; lastKnownFileType = sourcecode.c.h; path = SceneDelegate.h; sourceTree = "<group>"; };
		59BF946F2654E0D2009DE3A8 /* SceneDelegate.m */ = {isa = PBXFileReference; lastKnownFileType = sourcecode.c.objc; path = SceneDelegate.m; sourceTree = "<group>"; };
		59BF94712654E0D2009DE3A8 /* ViewController.h */ = {isa = PBXFileReference; lastKnownFileType = sourcecode.c.h; path = ViewController.h; sourceTree = "<group>"; };
		59BF94722654E0D2009DE3A8 /* ViewController.m */ = {isa = PBXFileReference; lastKnownFileType = sourcecode.c.objc; path = ViewController.m; sourceTree = "<group>"; };
		59BF94752654E0D2009DE3A8 /* Base */ = {isa = PBXFileReference; lastKnownFileType = file.storyboard; name = Base; path = Base.lproj/Main.storyboard; sourceTree = "<group>"; };
		59BF94772654E0D5009DE3A8 /* Assets.xcassets */ = {isa = PBXFileReference; lastKnownFileType = folder.assetcatalog; path = Assets.xcassets; sourceTree = "<group>"; };
		59BF947A2654E0D5009DE3A8 /* Base */ = {isa = PBXFileReference; lastKnownFileType = file.storyboard; name = Base; path = Base.lproj/LaunchScreen.storyboard; sourceTree = "<group>"; };
		59BF947C2654E0D5009DE3A8 /* Info.plist */ = {isa = PBXFileReference; lastKnownFileType = text.plist.xml; path = Info.plist; sourceTree = "<group>"; };
		59BF947D2654E0D5009DE3A8 /* main.m */ = {isa = PBXFileReference; lastKnownFileType = sourcecode.c.objc; path = main.m; sourceTree = "<group>"; };
		59BF94832654E0D5009DE3A8 /* demoTests.xctest */ = {isa = PBXFileReference; explicitFileType = wrapper.cfbundle; includeInIndex = 0; path = demoTests.xctest; sourceTree = BUILT_PRODUCTS_DIR; };
		59BF94872654E0D6009DE3A8 /* demoTests.m */ = {isa = PBXFileReference; lastKnownFileType = sourcecode.c.objc; path = demoTests.m; sourceTree = "<group>"; };
		59BF94892654E0D6009DE3A8 /* Info.plist */ = {isa = PBXFileReference; lastKnownFileType = text.plist.xml; path = Info.plist; sourceTree = "<group>"; };
		59BF948E2654E0D6009DE3A8 /* demoUITests.xctest */ = {isa = PBXFileReference; explicitFileType = wrapper.cfbundle; includeInIndex = 0; path = demoUITests.xctest; sourceTree = BUILT_PRODUCTS_DIR; };
		59BF94922654E0D6009DE3A8 /* demoUITests.m */ = {isa = PBXFileReference; lastKnownFileType = sourcecode.c.objc; path = demoUITests.m; sourceTree = "<group>"; };
		59BF94942654E0D6009DE3A8 /* Info.plist */ = {isa = PBXFileReference; lastKnownFileType = text.plist.xml; path = Info.plist; sourceTree = "<group>"; };
/* End PBXFileReference section */

/* Begin PBXFrameworksBuildPhase section */
		59BF94652654E0D2009DE3A8 /* Frameworks */ = {
			isa = PBXFrameworksBuildPhase;
			buildActionMask = 2147483647;
			files = (
			);
			runOnlyForDeploymentPostprocessing = 0;
		};
		59BF94802654E0D5009DE3A8 /* Frameworks */ = {
			isa = PBXFrameworksBuildPhase;
			buildActionMask = 2147483647;
			files = (
			);
			runOnlyForDeploymentPostprocessing = 0;
		};
		59BF948B2654E0D6009DE3A8 /* Frameworks */ = {
			isa = PBXFrameworksBuildPhase;
			buildActionMask = 2147483647;
			files = (
			);
			runOnlyForDeploymentPostprocessing = 0;
		};
/* End PBXFrameworksBuildPhase section */

/* Begin PBXGroup section */
		59BF945F2654E0D2009DE3A8 = {
			isa = PBXGroup;
			children = (
				59BF946A2654E0D2009DE3A8 /* demo */,
				59BF94862654E0D6009DE3A8 /* demoTests */,
				59BF94912654E0D6009DE3A8 /* demoUITests */,
				59BF94692654E0D2009DE3A8 /* Products */,
			);
			sourceTree = "<group>";
		};
		59BF94692654E0D2009DE3A8 /* Products */ = {
			isa = PBXGroup;
			children = (
				59BF94682654E0D2009DE3A8 /* demo.app */,
				59BF94832654E0D5009DE3A8 /* demoTests.xctest */,
				59BF948E2654E0D6009DE3A8 /* demoUITests.xctest */,
			);
			name = Products;
			sourceTree = "<group>";
		};
		59BF946A2654E0D2009DE3A8 /* demo */ = {
			isa = PBXGroup;
			children = (
				59BF946B2654E0D2009DE3A8 /* AppDelegate.h */,
				59BF946C2654E0D2009DE3A8 /* AppDelegate.m */,
				59BF946E2654E0D2009DE3A8 /* SceneDelegate.h */,
				59BF946F2654E0D2009DE3A8 /* SceneDelegate.m */,
				59BF94712654E0D2009DE3A8 /* ViewController.h */,
				59BF94722654E0D2009DE3A8 /* ViewController.m */,
				59BF94742654E0D2009DE3A8 /* Main.storyboard */,
				59BF94772654E0D5009DE3A8 /* Assets.xcassets */,
				59BF94792654E0D5009DE3A8 /* LaunchScreen.storyboard */,
				59BF947C2654E0D5009DE3A8 /* Info.plist */,
				59BF947D2654E0D5009DE3A8 /* main.m */,
			);
			path = demo;
			sourceTree = "<group>";
		};
		59BF94862654E0D6009DE3A8 /* demoTests */ = {
			isa = PBXGroup;
			children = (
				59BF94872654E0D6009DE3A8 /* demoTests.m */,
				59BF94892654E0D6009DE3A8 /* Info.plist */,
			);
			path = demoTests;
			sourceTree = "<group>";
		};
		59BF94912654E0D6009DE3A8 /* demoUITests */ = {
			isa = PBXGroup;
			children = (
				59BF94922654E0D6009DE3A8 /* demoUITests.m */,
				59BF94942654E0D6009DE3A8 /* Info.plist */,
			);
			path = demoUITests;
			sourceTree = "<group>";
		};
/* End PBXGroup section */

/* Begin PBXNativeTarget section */
		59BF94672654E0D2009DE3A8 /* demo */ = {
			isa = PBXNativeTarget;
			buildConfigurationList = 59BF94972654E0D6009DE3A8 /* Build configuration list for PBXNativeTarget "demo" */;
			buildPhases = (
				59BF94642654E0D2009DE3A8 /* Sources */,
				59BF94652654E0D2009DE3A8 /* Frameworks */,
				59BF94662654E0D2009DE3A8 /* Resources */,
			);
			buildRules = (
			);
			dependencies = (
			);
			name = demo;
			productName = demo;
			productReference = 59BF94682654E0D2009DE3A8 /* demo.app */;
			productType = "com.apple.product-type.application";
		};
		59BF94822654E0D5009DE3A8 /* demoTests */ = {
			isa = PBXNativeTarget;
			buildConfigurationList = 59BF949A2654E0D6009DE3A8 /* Build configuration list for PBXNativeTarget "demoTests" */;
			buildPhases = (
				59BF947F2654E0D5009DE3A8 /* Sources */,
				59BF94802654E0D5009DE3A8 /* Frameworks */,
				59BF94812654E0D5009DE3A8 /* Resources */,
			);
			buildRules = (
			);
			dependencies = (
				59BF94852654E0D5009DE3A8 /* PBXTargetDependency */,
			);
			name = demoTests;
			productName = demoTests;
			productReference = 59BF94832654E0D5009DE3A8 /* demoTests.xctest */;
			productType = "com.apple.product-type.bundle.unit-test";
		};
		59BF948D2654E0D6009DE3A8 /* demoUITests */ = {
			isa = PBXNativeTarget;
			buildConfigurationList = 59BF949D2654E0D6009DE3A8 /* Build configuration list for PBXNativeTarget "demoUITests" */;
			buildPhases = (
				59BF948A2654E0D6009DE3A8 /* Sources */,
				59BF948B2654E0D6009DE3A8 /* Frameworks */,
				59BF948C2654E0D6009DE3A8 /* Resources */,
			);
			buildRules = (
			);
			dependencies = (
				59BF94902654E0D6009DE3A8 /* PBXTargetDependency */,
			);
			name = demoUITests;
			productName = demoUITests;
			productReference = 59BF948E2654E0D6009DE3A8 /* demoUITests.xctest */;
			productType = "com.apple.product-type.bundle.ui-testing";
		};
/* End PBXNativeTarget section */

/* Begin PBXProject section */
		59BF94602654E0D2009DE3A8 /* Project object */ = {
			isa = PBXProject;
			attributes = {
				LastUpgradeCheck = 1250;
				TargetAttributes = {
					59BF94672654E0D2009DE3A8 = {
						CreatedOnToolsVersion = 12.5;
					};
					59BF94822654E0D5009DE3A8 = {
						CreatedOnToolsVersion = 12.5;
						TestTargetID = 59BF94672654E0D2009DE3A8;
					};
					59BF948D2654E0D6009DE3A8 = {
						CreatedOnToolsVersion = 12.5;
						TestTargetID = 59BF94672654E0D2009DE3A8;
					};
				};
			};
			buildConfigurationList = 59BF94632654E0D2009DE3A8 /* Build configuration list for PBXProject "demo" */;
			compatibilityVersion = "Xcode 9.3";
			developmentRegion = en;
			hasScannedForEncodings = 0;
			knownRegions = (
				en,
				Base,
			);
			mainGroup = 59BF945F2654E0D2009DE3A8;
			productRefGroup = 59BF94692654E0D2009DE3A8 /* Products */;
			projectDirPath = "";
			projectRoot = "";
			targets = (
				59BF94672654E0D2009DE3A8 /* demo */,
				59BF94822654E0D5009DE3A8 /* demoTests */,
				59BF948D2654E0D6009DE3A8 /* demoUITests */,
			);
		};
/* End PBXProject section */

/* Begin PBXResourcesBuildPhase section */
		59BF94662654E0D2009DE3A8 /* Resources */ = {
			isa = PBXResourcesBuildPhase;
			buildActionMask = 2147483647;
			files = (
				59BF947B2654E0D5009DE3A8 /* LaunchScreen.storyboard in Resources */,
				59BF94782654E0D5009DE3A8 /* Assets.xcassets in Resources */,
				59BF94762654E0D2009DE3A8 /* Main.storyboard in Resources */,
			);
			runOnlyForDeploymentPostprocessing = 0;
		};
		59BF94812654E0D5009DE3A8 /* Resources */ = {
			isa = PBXResourcesBuildPhase;
			buildActionMask = 2147483647;
			files = (
			);
			runOnlyForDeploymentPostprocessing = 0;
		};
		59BF948C2654E0D6009DE3A8 /* Resources */ = {
			isa = PBXResourcesBuildPhase;
			buildActionMask = 2147483647;
			files = (
			);
			runOnlyForDeploymentPostprocessing = 0;
		};
/* End PBXResourcesBuildPhase section */

/* Begin PBXSourcesBuildPhase section */
		59BF94642654E0D2009DE3A8 /* Sources */ = {
			isa = PBXSourcesBuildPhase;
			buildActionMask = 2147483647;
			files = (
				59BF94732654E0D2009DE3A8 /* ViewController.m in Sources */,
				59BF946D2654E0D2009DE3A8 /* AppDelegate.m in Sources */,
				59BF947E2654E0D5009DE3A8 /* main.m in Sources */,
				59BF94702654E0D2009DE3A8 /* SceneDelegate.m in Sources */,
			);
			runOnlyForDeploymentPostprocessing = 0;
		};
		59BF947F2654E0D5009DE3A8 /* Sources */ = {
			isa = PBXSourcesBuildPhase;
			buildActionMask = 2147483647;
			files = (
				59BF94882654E0D6009DE3A8 /* demoTests.m in Sources */,
			);
			runOnlyForDeploymentPostprocessing = 0;
		};
		59BF948A2654E0D6009DE3A8 /* Sources */ = {
			isa = PBXSourcesBuildPhase;
			buildActionMask = 2147483647;
			files = (
				59BF94932654E0D6009DE3A8 /* demoUITests.m in Sources */,
			);
			runOnlyForDeploymentPostprocessing = 0;
		};
/* End PBXSourcesBuildPhase section */

/* Begin PBXTargetDependency section */
		59BF94852654E0D5009DE3A8 /* PBXTargetDependency */ = {
			isa = PBXTargetDependency;
			target = 59BF94672654E0D2009DE3A8 /* demo */;
			targetProxy = 59BF94842654E0D5009DE3A8 /* PBXContainerItemProxy */;
		};
		59BF94902654E0D6009DE3A8 /* PBXTargetDependency */ = {
			isa = PBXTargetDependency;
			target = 59BF94672654E0D2009DE3A8 /* demo */;
			targetProxy = 59BF948F2654E0D6009DE3A8 /* PBXContainerItemProxy */;
		};
/* End PBXTargetDependency section */

/* Begin PBXVariantGroup section */
		59BF94742654E0D2009DE3A8 /* Main.storyboard */ = {
			isa = PBXVariantGroup;
			children = (
				59BF94752654E0D2009DE3A8 /* Base */,
			);
			name = Main.storyboard;
			sourceTree = "<group>";
		};
		59BF94792654E0D5009DE3A8 /* LaunchScreen.storyboard */ = {
			isa = PBXVariantGroup;
			children = (
				59BF947A2654E0D5009DE3A8 /* Base */,
			);
			name = LaunchScreen.storyboard;
			sourceTree = "<group>";
		};
/* End PBXVariantGroup section */

/* Begin XCBuildConfiguration section */
		59BF94952654E0D6009DE3A8 /* Debug */ = {
			isa = XCBuildConfiguration;
			buildSettings = {
				ALWAYS_SEARCH_USER_PATHS = NO;
				CLANG_ANALYZER_NONNULL = YES;
				CLANG_ANALYZER_NUMBER_OBJECT_CONVERSION = YES_AGGRESSIVE;
				CLANG_CXX_LANGUAGE_STANDARD = "gnu++14";
				CLANG_CXX_LIBRARY = "libc++";
				CLANG_ENABLE_MODULES = YES;
				CLANG_ENABLE_OBJC_ARC = YES;
				CLANG_ENABLE_OBJC_WEAK = YES;
				CLANG_WARN_BLOCK_CAPTURE_AUTORELEASING = YES;
				CLANG_WARN_BOOL_CONVERSION = YES;
				CLANG_WARN_COMMA = YES;
				CLANG_WARN_CONSTANT_CONVERSION = YES;
				CLANG_WARN_DEPRECATED_OBJC_IMPLEMENTATIONS = YES;
				CLANG_WARN_DIRECT_OBJC_ISA_USAGE = YES_ERROR;
				CLANG_WARN_DOCUMENTATION_COMMENTS = YES;
				CLANG_WARN_EMPTY_BODY = YES;
				CLANG_WARN_ENUM_CONVERSION = YES;
				CLANG_WARN_INFINITE_RECURSION = YES;
				CLANG_WARN_INT_CONVERSION = YES;
				CLANG_WARN_NON_LITERAL_NULL_CONVERSION = YES;
				CLANG_WARN_OBJC_IMPLICIT_RETAIN_SELF = YES;
				CLANG_WARN_OBJC_LITERAL_CONVERSION = YES;
				CLANG_WARN_OBJC_ROOT_CLASS = YES_ERROR;
				CLANG_WARN_QUOTED_INCLUDE_IN_FRAMEWORK_HEADER = YES;
				CLANG_WARN_RANGE_LOOP_ANALYSIS = YES;
				CLANG_WARN_STRICT_PROTOTYPES = YES;
				CLANG_WARN_SUSPICIOUS_MOVE = YES;
				CLANG_WARN_UNGUARDED_AVAILABILITY = YES_AGGRESSIVE;
				CLANG_WARN_UNREACHABLE_CODE = YES;
				CLANG_WARN__DUPLICATE_METHOD_MATCH = YES;
				COPY_PHASE_STRIP = NO;
				DEBUG_INFORMATION_FORMAT = dwarf;
				ENABLE_STRICT_OBJC_MSGSEND = YES;
				ENABLE_TESTABILITY = YES;
				GCC_C_LANGUAGE_STANDARD = gnu11;
				GCC_DYNAMIC_NO_PIC = NO;
				GCC_NO_COMMON_BLOCKS = YES;
				GCC_OPTIMIZATION_LEVEL = 0;
				GCC_PREPROCESSOR_DEFINITIONS = (
					"DEBUG=1",
					"$(inherited)",
				);
				GCC_WARN_64_TO_32_BIT_CONVERSION = YES;
				GCC_WARN_ABOUT_RETURN_TYPE = YES_ERROR;
				GCC_WARN_UNDECLARED_SELECTOR = YES;
				GCC_WARN_UNINITIALIZED_AUTOS = YES_AGGRESSIVE;
				GCC_WARN_UNUSED_FUNCTION = YES;
				GCC_WARN_UNUSED_VARIABLE = YES;
				IPHONEOS_DEPLOYMENT_TARGET = 14.5;
				MTL_ENABLE_DEBUG_INFO = INCLUDE_SOURCE;
				MTL_FAST_MATH = YES;
				ONLY_ACTIVE_ARCH = YES;
				SDKROOT = iphoneos;
			};
			name = Debug;
		};
		59BF94962654E0D6009DE3A8 /* Release */ = {
			isa = XCBuildConfiguration;
			buildSettings = {
				ALWAYS_SEARCH_USER_PATHS = NO;
				CLANG_ANALYZER_NONNULL = YES;
				CLANG_ANALYZER_NUMBER_OBJECT_CONVERSION = YES_AGGRESSIVE;
				CLANG_CXX_LANGUAGE_STANDARD = "gnu++14";
				CLANG_CXX_LIBRARY = "libc++";
				CLANG_ENABLE_MODULES = YES;
				CLANG_ENABLE_OBJC_ARC = YES;
				CLANG_ENABLE_OBJC_WEAK = YES;
				CLANG_WARN_BLOCK_CAPTURE_AUTORELEASING = YES;
				CLANG_WARN_BOOL_CONVERSION = YES;
				CLANG_WARN_COMMA = YES;
				CLANG_WARN_CONSTANT_CONVERSION = YES;
				CLANG_WARN_DEPRECATED_OBJC_IMPLEMENTATIONS = YES;
				CLANG_WARN_DIRECT_OBJC_ISA_USAGE = YES_ERROR;
				CLANG_WARN_DOCUMENTATION_COMMENTS = YES;
				CLANG_WARN_EMPTY_BODY = YES;
				CLANG_WARN_ENUM_CONVERSION = YES;
				CLANG_WARN_INFINITE_RECURSION = YES;
				CLANG_WARN_INT_CONVERSION = YES;
				CLANG_WARN_NON_LITERAL_NULL_CONVERSION = YES;
				CLANG_WARN_OBJC_IMPLICIT_RETAIN_SELF = YES;
				CLANG_WARN_OBJC_LITERAL_CONVERSION = YES;
				CLANG_WARN_OBJC_ROOT_CLASS = YES_ERROR;
				CLANG_WARN_QUOTED_INCLUDE_IN_FRAMEWORK_HEADER = YES;
				CLANG_WARN_RANGE_LOOP_ANALYSIS = YES;
				CLANG_WARN_STRICT_PROTOTYPES = YES;
				CLANG_WARN_SUSPICIOUS_MOVE = YES;
				CLANG_WARN_UNGUARDED_AVAILABILITY = YES_AGGRESSIVE;
				CLANG_WARN_UNREACHABLE_CODE = YES;
				CLANG_WARN__DUPLICATE_METHOD_MATCH = YES;
				COPY_PHASE_STRIP = NO;
				DEBUG_INFORMATION_FORMAT = "dwarf-with-dsym";
				ENABLE_NS_ASSERTIONS = NO;
				ENABLE_STRICT_OBJC_MSGSEND = YES;
				GCC_C_LANGUAGE_STANDARD = gnu11;
				GCC_NO_COMMON_BLOCKS = YES;
				GCC_WARN_64_TO_32_BIT_CONVERSION = YES;
				GCC_WARN_ABOUT_RETURN_TYPE = YES_ERROR;
				GCC_WARN_UNDECLARED_SELECTOR = YES;
				GCC_WARN_UNINITIALIZED_AUTOS = YES_AGGRESSIVE;
				GCC_WARN_UNUSED_FUNCTION = YES;
				GCC_WARN_UNUSED_VARIABLE = YES;
				IPHONEOS_DEPLOYMENT_TARGET = 14.5;
				MTL_ENABLE_DEBUG_INFO = NO;
				MTL_FAST_MATH = YES;
				SDKROOT = iphoneos;
				VALIDATE_PRODUCT = YES;
			};
			name = Release;
		};
		59BF94982654E0D6009DE3A8 /* Debug */ = {
			isa = XCBuildConfiguration;
			buildSettings = {
				ASSETCATALOG_COMPILER_APPICON_NAME = AppIcon;
				ASSETCATALOG_COMPILER_GLOBAL_ACCENT_COLOR_NAME = AccentColor;
				CODE_SIGN_STYLE = Automatic;
				DEVELOPMENT_TEAM = 3FV23YBB8U;
				INFOPLIST_FILE = demo/Info.plist;
				LD_RUNPATH_SEARCH_PATHS = (
					"$(inherited)",
					"@executable_path/Frameworks",
				);
				PRODUCT_BUNDLE_IDENTIFIER = com.teren.demo;
				PRODUCT_NAME = "$(TARGET_NAME)";
				TARGETED_DEVICE_FAMILY = "1,2";
			};
			name = Debug;
		};
		59BF94992654E0D6009DE3A8 /* Release */ = {
			isa = XCBuildConfiguration;
			buildSettings = {
				ASSETCATALOG_COMPILER_APPICON_NAME = AppIcon;
				ASSETCATALOG_COMPILER_GLOBAL_ACCENT_COLOR_NAME = AccentColor;
				CODE_SIGN_STYLE = Automatic;
				DEVELOPMENT_TEAM = 3FV23YBB8U;
				INFOPLIST_FILE = demo/Info.plist;
				LD_RUNPATH_SEARCH_PATHS = (
					"$(inherited)",
					"@executable_path/Frameworks",
				);
				PRODUCT_BUNDLE_IDENTIFIER = com.teren.demo;
				PRODUCT_NAME = "$(TARGET_NAME)";
				TARGETED_DEVICE_FAMILY = "1,2";
			};
			name = Release;
		};
		59BF949B2654E0D6009DE3A8 /* Debug */ = {
			isa = XCBuildConfiguration;
			buildSettings = {
				BUNDLE_LOADER = "$(TEST_HOST)";
				CODE_SIGN_STYLE = Automatic;
				DEVELOPMENT_TEAM = 3FV23YBB8U;
				INFOPLIST_FILE = demoTests/Info.plist;
				IPHONEOS_DEPLOYMENT_TARGET = 14.5;
				LD_RUNPATH_SEARCH_PATHS = (
					"$(inherited)",
					"@executable_path/Frameworks",
					"@loader_path/Frameworks",
				);
				PRODUCT_BUNDLE_IDENTIFIER = com.teren.demoTests;
				PRODUCT_NAME = "$(TARGET_NAME)";
				TARGETED_DEVICE_FAMILY = "1,2";
				TEST_HOST = "$(BUILT_PRODUCTS_DIR)/demo.app/demo";
			};
			name = Debug;
		};
		59BF949C2654E0D6009DE3A8 /* Release */ = {
			isa = XCBuildConfiguration;
			buildSettings = {
				BUNDLE_LOADER = "$(TEST_HOST)";
				CODE_SIGN_STYLE = Automatic;
				DEVELOPMENT_TEAM = 3FV23YBB8U;
				INFOPLIST_FILE = demoTests/Info.plist;
				IPHONEOS_DEPLOYMENT_TARGET = 14.5;
				LD_RUNPATH_SEARCH_PATHS = (
					"$(inherited)",
					"@executable_path/Frameworks",
					"@loader_path/Frameworks",
				);
				PRODUCT_BUNDLE_IDENTIFIER = com.teren.demoTests;
				PRODUCT_NAME = "$(TARGET_NAME)";
				TARGETED_DEVICE_FAMILY = "1,2";
				TEST_HOST = "$(BUILT_PRODUCTS_DIR)/demo.app/demo";
			};
			name = Release;
		};
		59BF949E2654E0D6009DE3A8 /* Debug */ = {
			isa = XCBuildConfiguration;
			buildSettings = {
				CODE_SIGN_STYLE = Automatic;
				DEVELOPMENT_TEAM = 3FV23YBB8U;
				INFOPLIST_FILE = demoUITests/Info.plist;
				LD_RUNPATH_SEARCH_PATHS = (
					"$(inherited)",
					"@executable_path/Frameworks",
					"@loader_path/Frameworks",
				);
				PRODUCT_BUNDLE_IDENTIFIER = com.teren.demoUITests;
				PRODUCT_NAME = "$(TARGET_NAME)";
				TARGETED_DEVICE_FAMILY = "1,2";
				TEST_TARGET_NAME = demo;
			};
			name = Debug;
		};
		59BF949F2654E0D6009DE3A8 /* Release */ = {
			isa = XCBuildConfiguration;
			buildSettings = {
				CODE_SIGN_STYLE = Automatic;
				DEVELOPMENT_TEAM = 3FV23YBB8U;
				INFOPLIST_FILE = demoUITests/Info.plist;
				LD_RUNPATH_SEARCH_PATHS = (
					"$(inherited)",
					"@executable_path/Frameworks",
					"@loader_path/Frameworks",
				);
				PRODUCT_BUNDLE_IDENTIFIER = com.teren.demoUITests;
				PRODUCT_NAME = "$(TARGET_NAME)";
				TARGETED_DEVICE_FAMILY = "1,2";
				TEST_TARGET_NAME = demo;
			};
			name = Release;
		};
/* End XCBuildConfiguration section */

/* Begin XCConfigurationList section */
		59BF94632654E0D2009DE3A8 /* Build configuration list for PBXProject "demo" */ = {
			isa = XCConfigurationList;
			buildConfigurations = (
				59BF94952654E0D6009DE3A8 /* Debug */,
				59BF94962654E0D6009DE3A8 /* Release */,
			);
			defaultConfigurationIsVisible = 0;
			defaultConfigurationName = Release;
		};
		59BF94972654E0D6009DE3A8 /* Build configuration list for PBXNativeTarget "demo" */ = {
			isa = XCConfigurationList;
			buildConfigurations = (
				59BF94982654E0D6009DE3A8 /* Debug */,
				59BF94992654E0D6009DE3A8 /* Release */,
			);
			defaultConfigurationIsVisible = 0;
			defaultConfigurationName = Release;
		};
		59BF949A2654E0D6009DE3A8 /* Build configuration list for PBXNativeTarget "demoTests" */ = {
			isa = XCConfigurationList;
			buildConfigurations = (
				59BF949B2654E0D6009DE3A8 /* Debug */,
				59BF949C2654E0D6009DE3A8 /* Release */,
			);
			defaultConfigurationIsVisible = 0;
			defaultConfigurationName = Release;
		};
		59BF949D2654E0D6009DE3A8 /* Build configuration list for PBXNativeTarget "demoUITests" */ = {
			isa = XCConfigurationList;
			buildConfigurations = (
				59BF949E2654E0D6009DE3A8 /* Debug */,
				59BF949F2654E0D6009DE3A8 /* Release */,
			);
			defaultConfigurationIsVisible = 0;
			defaultConfigurationName = Release;
		};
/* End XCConfigurationList section */
	};
	rootObject = 59BF94602654E0D2009DE3A8 /* Project object */;
}
